// !$*UTF8*$!
{
	archiveVersion = 1;
	classes = {
	};
	objectVersion = 56;
	objects = {

/* Begin PBXBuildFile section */
		F9975821293D12050058FA3B /* RibbonDemoApp.swift in Sources */ = {isa = PBXBuildFile; fileRef = F9975820293D12050058FA3B /* RibbonDemoApp.swift */; };
		F9975823293D12050058FA3B /* ContentView.swift in Sources */ = {isa = PBXBuildFile; fileRef = F9975822293D12050058FA3B /* ContentView.swift */; };
		F9975825293D12090058FA3B /* Assets.xcassets in Resources */ = {isa = PBXBuildFile; fileRef = F9975824293D12090058FA3B /* Assets.xcassets */; };
		F9975829293D12090058FA3B /* Preview Assets.xcassets in Resources */ = {isa = PBXBuildFile; fileRef = F9975828293D12090058FA3B /* Preview Assets.xcassets */; };
		F9975833293D120A0058FA3B /* RibbonDemoTests.swift in Sources */ = {isa = PBXBuildFile; fileRef = F9975832293D120A0058FA3B /* RibbonDemoTests.swift */; };
		F997583D293D120A0058FA3B /* RibbonDemoUITests.swift in Sources */ = {isa = PBXBuildFile; fileRef = F997583C293D120A0058FA3B /* RibbonDemoUITests.swift */; };
		F997583F293D120A0058FA3B /* RibbonDemoUITestsLaunchTests.swift in Sources */ = {isa = PBXBuildFile; fileRef = F997583E293D120A0058FA3B /* RibbonDemoUITestsLaunchTests.swift */; };
		F997584F293D126C0058FA3B /* Character.swift in Sources */ = {isa = PBXBuildFile; fileRef = F997584E293D126C0058FA3B /* Character.swift */; };
		F9975852293D17170058FA3B /* NetworkClient.swift in Sources */ = {isa = PBXBuildFile; fileRef = F9975851293D17170058FA3B /* NetworkClient.swift */; };
		F9975856293D19910058FA3B /* URLSessionProtocol.swift in Sources */ = {isa = PBXBuildFile; fileRef = F9975855293D19910058FA3B /* URLSessionProtocol.swift */; };
		F9975858293D1A180058FA3B /* Endpoint.swift in Sources */ = {isa = PBXBuildFile; fileRef = F9975857293D1A180058FA3B /* Endpoint.swift */; };
		F997585F293D1F5D0058FA3B /* CharactersProvider.swift in Sources */ = {isa = PBXBuildFile; fileRef = F997585E293D1F5D0058FA3B /* CharactersProvider.swift */; };
/* End PBXBuildFile section */

/* Begin PBXContainerItemProxy section */
		F997582F293D120A0058FA3B /* PBXContainerItemProxy */ = {
			isa = PBXContainerItemProxy;
			containerPortal = F9975815293D12050058FA3B /* Project object */;
			proxyType = 1;
			remoteGlobalIDString = F997581C293D12050058FA3B;
			remoteInfo = RibbonDemo;
		};
		F9975839293D120A0058FA3B /* PBXContainerItemProxy */ = {
			isa = PBXContainerItemProxy;
			containerPortal = F9975815293D12050058FA3B /* Project object */;
			proxyType = 1;
			remoteGlobalIDString = F997581C293D12050058FA3B;
			remoteInfo = RibbonDemo;
		};
/* End PBXContainerItemProxy section */

/* Begin PBXFileReference section */
		F997581D293D12050058FA3B /* RibbonDemo.app */ = {isa = PBXFileReference; explicitFileType = wrapper.application; includeInIndex = 0; path = RibbonDemo.app; sourceTree = BUILT_PRODUCTS_DIR; };
		F9975820293D12050058FA3B /* RibbonDemoApp.swift */ = {isa = PBXFileReference; lastKnownFileType = sourcecode.swift; path = RibbonDemoApp.swift; sourceTree = "<group>"; };
		F9975822293D12050058FA3B /* ContentView.swift */ = {isa = PBXFileReference; lastKnownFileType = sourcecode.swift; path = ContentView.swift; sourceTree = "<group>"; };
		F9975824293D12090058FA3B /* Assets.xcassets */ = {isa = PBXFileReference; lastKnownFileType = folder.assetcatalog; path = Assets.xcassets; sourceTree = "<group>"; };
		F9975826293D12090058FA3B /* RibbonDemo.entitlements */ = {isa = PBXFileReference; lastKnownFileType = text.plist.entitlements; path = RibbonDemo.entitlements; sourceTree = "<group>"; };
		F9975828293D12090058FA3B /* Preview Assets.xcassets */ = {isa = PBXFileReference; lastKnownFileType = folder.assetcatalog; path = "Preview Assets.xcassets"; sourceTree = "<group>"; };
		F997582E293D120A0058FA3B /* RibbonDemoTests.xctest */ = {isa = PBXFileReference; explicitFileType = wrapper.cfbundle; includeInIndex = 0; path = RibbonDemoTests.xctest; sourceTree = BUILT_PRODUCTS_DIR; };
		F9975832293D120A0058FA3B /* RibbonDemoTests.swift */ = {isa = PBXFileReference; lastKnownFileType = sourcecode.swift; path = RibbonDemoTests.swift; sourceTree = "<group>"; };
		F9975838293D120A0058FA3B /* RibbonDemoUITests.xctest */ = {isa = PBXFileReference; explicitFileType = wrapper.cfbundle; includeInIndex = 0; path = RibbonDemoUITests.xctest; sourceTree = BUILT_PRODUCTS_DIR; };
		F997583C293D120A0058FA3B /* RibbonDemoUITests.swift */ = {isa = PBXFileReference; lastKnownFileType = sourcecode.swift; path = RibbonDemoUITests.swift; sourceTree = "<group>"; };
		F997583E293D120A0058FA3B /* RibbonDemoUITestsLaunchTests.swift */ = {isa = PBXFileReference; lastKnownFileType = sourcecode.swift; path = RibbonDemoUITestsLaunchTests.swift; sourceTree = "<group>"; };
		F997584E293D126C0058FA3B /* Character.swift */ = {isa = PBXFileReference; lastKnownFileType = sourcecode.swift; path = Character.swift; sourceTree = "<group>"; };
		F9975851293D17170058FA3B /* NetworkClient.swift */ = {isa = PBXFileReference; lastKnownFileType = sourcecode.swift; path = NetworkClient.swift; sourceTree = "<group>"; };
		F9975855293D19910058FA3B /* URLSessionProtocol.swift */ = {isa = PBXFileReference; lastKnownFileType = sourcecode.swift; path = URLSessionProtocol.swift; sourceTree = "<group>"; };
		F9975857293D1A180058FA3B /* Endpoint.swift */ = {isa = PBXFileReference; lastKnownFileType = sourcecode.swift; path = Endpoint.swift; sourceTree = "<group>"; };
		F997585E293D1F5D0058FA3B /* CharactersProvider.swift */ = {isa = PBXFileReference; lastKnownFileType = sourcecode.swift; path = CharactersProvider.swift; sourceTree = "<group>"; };
/* End PBXFileReference section */

/* Begin PBXFrameworksBuildPhase section */
		F997581A293D12050058FA3B /* Frameworks */ = {
			isa = PBXFrameworksBuildPhase;
			buildActionMask = 2147483647;
			files = (
			);
			runOnlyForDeploymentPostprocessing = 0;
		};
		F997582B293D120A0058FA3B /* Frameworks */ = {
			isa = PBXFrameworksBuildPhase;
			buildActionMask = 2147483647;
			files = (
			);
			runOnlyForDeploymentPostprocessing = 0;
		};
		F9975835293D120A0058FA3B /* Frameworks */ = {
			isa = PBXFrameworksBuildPhase;
			buildActionMask = 2147483647;
			files = (
			);
			runOnlyForDeploymentPostprocessing = 0;
		};
/* End PBXFrameworksBuildPhase section */

/* Begin PBXGroup section */
		F9975814293D12050058FA3B = {
			isa = PBXGroup;
			children = (
				F997581F293D12050058FA3B /* RibbonDemo */,
				F9975831293D120A0058FA3B /* RibbonDemoTests */,
				F997583B293D120A0058FA3B /* RibbonDemoUITests */,
				F997581E293D12050058FA3B /* Products */,
			);
			sourceTree = "<group>";
		};
		F997581E293D12050058FA3B /* Products */ = {
			isa = PBXGroup;
			children = (
				F997581D293D12050058FA3B /* RibbonDemo.app */,
				F997582E293D120A0058FA3B /* RibbonDemoTests.xctest */,
				F9975838293D120A0058FA3B /* RibbonDemoUITests.xctest */,
			);
			name = Products;
			sourceTree = "<group>";
		};
		F997581F293D12050058FA3B /* RibbonDemo */ = {
			isa = PBXGroup;
			children = (
				F997585D293D1F320058FA3B /* Services */,
				F9975850293D16E70058FA3B /* Ressources */,
				F997584C293D12240058FA3B /* Model */,
				F997584B293D121F0058FA3B /* Views */,
				F9975820293D12050058FA3B /* RibbonDemoApp.swift */,
				F9975826293D12090058FA3B /* RibbonDemo.entitlements */,
				F9975827293D12090058FA3B /* Preview Content */,
			);
			path = RibbonDemo;
			sourceTree = "<group>";
		};
		F9975827293D12090058FA3B /* Preview Content */ = {
			isa = PBXGroup;
			children = (
				F9975828293D12090058FA3B /* Preview Assets.xcassets */,
			);
			path = "Preview Content";
			sourceTree = "<group>";
		};
		F9975831293D120A0058FA3B /* RibbonDemoTests */ = {
			isa = PBXGroup;
			children = (
				F9975832293D120A0058FA3B /* RibbonDemoTests.swift */,
			);
			path = RibbonDemoTests;
			sourceTree = "<group>";
		};
		F997583B293D120A0058FA3B /* RibbonDemoUITests */ = {
			isa = PBXGroup;
			children = (
				F997583C293D120A0058FA3B /* RibbonDemoUITests.swift */,
				F997583E293D120A0058FA3B /* RibbonDemoUITestsLaunchTests.swift */,
			);
			path = RibbonDemoUITests;
			sourceTree = "<group>";
		};
		F997584B293D121F0058FA3B /* Views */ = {
			isa = PBXGroup;
			children = (
				F9975822293D12050058FA3B /* ContentView.swift */,
			);
			path = Views;
			sourceTree = "<group>";
		};
		F997584C293D12240058FA3B /* Model */ = {
			isa = PBXGroup;
			children = (
				F997584E293D126C0058FA3B /* Character.swift */,
			);
			path = Model;
			sourceTree = "<group>";
		};
		F997584D293D12290058FA3B /* Network */ = {
			isa = PBXGroup;
			children = (
				F9975851293D17170058FA3B /* NetworkClient.swift */,
				F9975855293D19910058FA3B /* URLSessionProtocol.swift */,
				F9975857293D1A180058FA3B /* Endpoint.swift */,
			);
			path = Network;
			sourceTree = "<group>";
		};
		F9975850293D16E70058FA3B /* Ressources */ = {
			isa = PBXGroup;
			children = (
				F9975824293D12090058FA3B /* Assets.xcassets */,
			);
			path = Ressources;
			sourceTree = "<group>";
		};
		F997585D293D1F320058FA3B /* Services */ = {
			isa = PBXGroup;
			children = (
				F997584D293D12290058FA3B /* Network */,
				F997585E293D1F5D0058FA3B /* CharactersProvider.swift */,
			);
			path = Services;
			sourceTree = "<group>";
		};
/* End PBXGroup section */

/* Begin PBXNativeTarget section */
		F997581C293D12050058FA3B /* RibbonDemo */ = {
			isa = PBXNativeTarget;
			buildConfigurationList = F9975842293D120A0058FA3B /* Build configuration list for PBXNativeTarget "RibbonDemo" */;
			buildPhases = (
				F9975819293D12050058FA3B /* Sources */,
				F997581A293D12050058FA3B /* Frameworks */,
				F997581B293D12050058FA3B /* Resources */,
			);
			buildRules = (
			);
			dependencies = (
			);
			name = RibbonDemo;
			productName = RibbonDemo;
			productReference = F997581D293D12050058FA3B /* RibbonDemo.app */;
			productType = "com.apple.product-type.application";
		};
		F997582D293D120A0058FA3B /* RibbonDemoTests */ = {
			isa = PBXNativeTarget;
			buildConfigurationList = F9975845293D120A0058FA3B /* Build configuration list for PBXNativeTarget "RibbonDemoTests" */;
			buildPhases = (
				F997582A293D120A0058FA3B /* Sources */,
				F997582B293D120A0058FA3B /* Frameworks */,
				F997582C293D120A0058FA3B /* Resources */,
			);
			buildRules = (
			);
			dependencies = (
				F9975830293D120A0058FA3B /* PBXTargetDependency */,
			);
			name = RibbonDemoTests;
			productName = RibbonDemoTests;
			productReference = F997582E293D120A0058FA3B /* RibbonDemoTests.xctest */;
			productType = "com.apple.product-type.bundle.unit-test";
		};
		F9975837293D120A0058FA3B /* RibbonDemoUITests */ = {
			isa = PBXNativeTarget;
			buildConfigurationList = F9975848293D120A0058FA3B /* Build configuration list for PBXNativeTarget "RibbonDemoUITests" */;
			buildPhases = (
				F9975834293D120A0058FA3B /* Sources */,
				F9975835293D120A0058FA3B /* Frameworks */,
				F9975836293D120A0058FA3B /* Resources */,
			);
			buildRules = (
			);
			dependencies = (
				F997583A293D120A0058FA3B /* PBXTargetDependency */,
			);
			name = RibbonDemoUITests;
			productName = RibbonDemoUITests;
			productReference = F9975838293D120A0058FA3B /* RibbonDemoUITests.xctest */;
			productType = "com.apple.product-type.bundle.ui-testing";
		};
/* End PBXNativeTarget section */

/* Begin PBXProject section */
		F9975815293D12050058FA3B /* Project object */ = {
			isa = PBXProject;
			attributes = {
				BuildIndependentTargetsInParallel = 1;
				LastSwiftUpdateCheck = 1400;
				LastUpgradeCheck = 1400;
				TargetAttributes = {
					F997581C293D12050058FA3B = {
						CreatedOnToolsVersion = 14.0.1;
					};
					F997582D293D120A0058FA3B = {
						CreatedOnToolsVersion = 14.0.1;
						TestTargetID = F997581C293D12050058FA3B;
					};
					F9975837293D120A0058FA3B = {
						CreatedOnToolsVersion = 14.0.1;
						TestTargetID = F997581C293D12050058FA3B;
					};
				};
			};
			buildConfigurationList = F9975818293D12050058FA3B /* Build configuration list for PBXProject "RibbonDemo" */;
			compatibilityVersion = "Xcode 14.0";
			developmentRegion = en;
			hasScannedForEncodings = 0;
			knownRegions = (
				en,
				Base,
			);
			mainGroup = F9975814293D12050058FA3B;
			productRefGroup = F997581E293D12050058FA3B /* Products */;
			projectDirPath = "";
			projectRoot = "";
			targets = (
				F997581C293D12050058FA3B /* RibbonDemo */,
				F997582D293D120A0058FA3B /* RibbonDemoTests */,
				F9975837293D120A0058FA3B /* RibbonDemoUITests */,
			);
		};
/* End PBXProject section */

/* Begin PBXResourcesBuildPhase section */
		F997581B293D12050058FA3B /* Resources */ = {
			isa = PBXResourcesBuildPhase;
			buildActionMask = 2147483647;
			files = (
				F9975829293D12090058FA3B /* Preview Assets.xcassets in Resources */,
				F9975825293D12090058FA3B /* Assets.xcassets in Resources */,
			);
			runOnlyForDeploymentPostprocessing = 0;
		};
		F997582C293D120A0058FA3B /* Resources */ = {
			isa = PBXResourcesBuildPhase;
			buildActionMask = 2147483647;
			files = (
			);
			runOnlyForDeploymentPostprocessing = 0;
		};
		F9975836293D120A0058FA3B /* Resources */ = {
			isa = PBXResourcesBuildPhase;
			buildActionMask = 2147483647;
			files = (
			);
			runOnlyForDeploymentPostprocessing = 0;
		};
/* End PBXResourcesBuildPhase section */

/* Begin PBXSourcesBuildPhase section */
		F9975819293D12050058FA3B /* Sources */ = {
			isa = PBXSourcesBuildPhase;
			buildActionMask = 2147483647;
			files = (
				F9975856293D19910058FA3B /* URLSessionProtocol.swift in Sources */,
				F997584F293D126C0058FA3B /* Character.swift in Sources */,
				F9975858293D1A180058FA3B /* Endpoint.swift in Sources */,
				F997585F293D1F5D0058FA3B /* CharactersProvider.swift in Sources */,
				F9975823293D12050058FA3B /* ContentView.swift in Sources */,
				F9975821293D12050058FA3B /* RibbonDemoApp.swift in Sources */,
				F9975852293D17170058FA3B /* NetworkClient.swift in Sources */,
			);
			runOnlyForDeploymentPostprocessing = 0;
		};
		F997582A293D120A0058FA3B /* Sources */ = {
			isa = PBXSourcesBuildPhase;
			buildActionMask = 2147483647;
			files = (
				F9975833293D120A0058FA3B /* RibbonDemoTests.swift in Sources */,
			);
			runOnlyForDeploymentPostprocessing = 0;
		};
		F9975834293D120A0058FA3B /* Sources */ = {
			isa = PBXSourcesBuildPhase;
			buildActionMask = 2147483647;
			files = (
				F997583D293D120A0058FA3B /* RibbonDemoUITests.swift in Sources */,
				F997583F293D120A0058FA3B /* RibbonDemoUITestsLaunchTests.swift in Sources */,
			);
			runOnlyForDeploymentPostprocessing = 0;
		};
/* End PBXSourcesBuildPhase section */

/* Begin PBXTargetDependency section */
		F9975830293D120A0058FA3B /* PBXTargetDependency */ = {
			isa = PBXTargetDependency;
			target = F997581C293D12050058FA3B /* RibbonDemo */;
			targetProxy = F997582F293D120A0058FA3B /* PBXContainerItemProxy */;
		};
		F997583A293D120A0058FA3B /* PBXTargetDependency */ = {
			isa = PBXTargetDependency;
			target = F997581C293D12050058FA3B /* RibbonDemo */;
			targetProxy = F9975839293D120A0058FA3B /* PBXContainerItemProxy */;
		};
/* End PBXTargetDependency section */

/* Begin XCBuildConfiguration section */
		F9975840293D120A0058FA3B /* Debug */ = {
			isa = XCBuildConfiguration;
			buildSettings = {
				ALWAYS_SEARCH_USER_PATHS = NO;
				CLANG_ANALYZER_NONNULL = YES;
				CLANG_ANALYZER_NUMBER_OBJECT_CONVERSION = YES_AGGRESSIVE;
				CLANG_CXX_LANGUAGE_STANDARD = "gnu++20";
				CLANG_ENABLE_MODULES = YES;
				CLANG_ENABLE_OBJC_ARC = YES;
				CLANG_ENABLE_OBJC_WEAK = YES;
				CLANG_WARN_BLOCK_CAPTURE_AUTORELEASING = YES;
				CLANG_WARN_BOOL_CONVERSION = YES;
				CLANG_WARN_COMMA = YES;
				CLANG_WARN_CONSTANT_CONVERSION = YES;
				CLANG_WARN_DEPRECATED_OBJC_IMPLEMENTATIONS = YES;
				CLANG_WARN_DIRECT_OBJC_ISA_USAGE = YES_ERROR;
				CLANG_WARN_DOCUMENTATION_COMMENTS = YES;
				CLANG_WARN_EMPTY_BODY = YES;
				CLANG_WARN_ENUM_CONVERSION = YES;
				CLANG_WARN_INFINITE_RECURSION = YES;
				CLANG_WARN_INT_CONVERSION = YES;
				CLANG_WARN_NON_LITERAL_NULL_CONVERSION = YES;
				CLANG_WARN_OBJC_IMPLICIT_RETAIN_SELF = YES;
				CLANG_WARN_OBJC_LITERAL_CONVERSION = YES;
				CLANG_WARN_OBJC_ROOT_CLASS = YES_ERROR;
				CLANG_WARN_QUOTED_INCLUDE_IN_FRAMEWORK_HEADER = YES;
				CLANG_WARN_RANGE_LOOP_ANALYSIS = YES;
				CLANG_WARN_STRICT_PROTOTYPES = YES;
				CLANG_WARN_SUSPICIOUS_MOVE = YES;
				CLANG_WARN_UNGUARDED_AVAILABILITY = YES_AGGRESSIVE;
				CLANG_WARN_UNREACHABLE_CODE = YES;
				CLANG_WARN__DUPLICATE_METHOD_MATCH = YES;
				COPY_PHASE_STRIP = NO;
				DEBUG_INFORMATION_FORMAT = dwarf;
				ENABLE_STRICT_OBJC_MSGSEND = YES;
				ENABLE_TESTABILITY = YES;
				GCC_C_LANGUAGE_STANDARD = gnu11;
				GCC_DYNAMIC_NO_PIC = NO;
				GCC_NO_COMMON_BLOCKS = YES;
				GCC_OPTIMIZATION_LEVEL = 0;
				GCC_PREPROCESSOR_DEFINITIONS = (
					"DEBUG=1",
					"$(inherited)",
				);
				GCC_WARN_64_TO_32_BIT_CONVERSION = YES;
				GCC_WARN_ABOUT_RETURN_TYPE = YES_ERROR;
				GCC_WARN_UNDECLARED_SELECTOR = YES;
				GCC_WARN_UNINITIALIZED_AUTOS = YES_AGGRESSIVE;
				GCC_WARN_UNUSED_FUNCTION = YES;
				GCC_WARN_UNUSED_VARIABLE = YES;
				MTL_ENABLE_DEBUG_INFO = INCLUDE_SOURCE;
				MTL_FAST_MATH = YES;
				ONLY_ACTIVE_ARCH = YES;
				SWIFT_ACTIVE_COMPILATION_CONDITIONS = DEBUG;
				SWIFT_OPTIMIZATION_LEVEL = "-Onone";
			};
			name = Debug;
		};
		F9975841293D120A0058FA3B /* Release */ = {
			isa = XCBuildConfiguration;
			buildSettings = {
				ALWAYS_SEARCH_USER_PATHS = NO;
				CLANG_ANALYZER_NONNULL = YES;
				CLANG_ANALYZER_NUMBER_OBJECT_CONVERSION = YES_AGGRESSIVE;
				CLANG_CXX_LANGUAGE_STANDARD = "gnu++20";
				CLANG_ENABLE_MODULES = YES;
				CLANG_ENABLE_OBJC_ARC = YES;
				CLANG_ENABLE_OBJC_WEAK = YES;
				CLANG_WARN_BLOCK_CAPTURE_AUTORELEASING = YES;
				CLANG_WARN_BOOL_CONVERSION = YES;
				CLANG_WARN_COMMA = YES;
				CLANG_WARN_CONSTANT_CONVERSION = YES;
				CLANG_WARN_DEPRECATED_OBJC_IMPLEMENTATIONS = YES;
				CLANG_WARN_DIRECT_OBJC_ISA_USAGE = YES_ERROR;
				CLANG_WARN_DOCUMENTATION_COMMENTS = YES;
				CLANG_WARN_EMPTY_BODY = YES;
				CLANG_WARN_ENUM_CONVERSION = YES;
				CLANG_WARN_INFINITE_RECURSION = YES;
				CLANG_WARN_INT_CONVERSION = YES;
				CLANG_WARN_NON_LITERAL_NULL_CONVERSION = YES;
				CLANG_WARN_OBJC_IMPLICIT_RETAIN_SELF = YES;
				CLANG_WARN_OBJC_LITERAL_CONVERSION = YES;
				CLANG_WARN_OBJC_ROOT_CLASS = YES_ERROR;
				CLANG_WARN_QUOTED_INCLUDE_IN_FRAMEWORK_HEADER = YES;
				CLANG_WARN_RANGE_LOOP_ANALYSIS = YES;
				CLANG_WARN_STRICT_PROTOTYPES = YES;
				CLANG_WARN_SUSPICIOUS_MOVE = YES;
				CLANG_WARN_UNGUARDED_AVAILABILITY = YES_AGGRESSIVE;
				CLANG_WARN_UNREACHABLE_CODE = YES;
				CLANG_WARN__DUPLICATE_METHOD_MATCH = YES;
				COPY_PHASE_STRIP = NO;
				DEBUG_INFORMATION_FORMAT = "dwarf-with-dsym";
				ENABLE_NS_ASSERTIONS = NO;
				ENABLE_STRICT_OBJC_MSGSEND = YES;
				GCC_C_LANGUAGE_STANDARD = gnu11;
				GCC_NO_COMMON_BLOCKS = YES;
				GCC_WARN_64_TO_32_BIT_CONVERSION = YES;
				GCC_WARN_ABOUT_RETURN_TYPE = YES_ERROR;
				GCC_WARN_UNDECLARED_SELECTOR = YES;
				GCC_WARN_UNINITIALIZED_AUTOS = YES_AGGRESSIVE;
				GCC_WARN_UNUSED_FUNCTION = YES;
				GCC_WARN_UNUSED_VARIABLE = YES;
				MTL_ENABLE_DEBUG_INFO = NO;
				MTL_FAST_MATH = YES;
				SWIFT_COMPILATION_MODE = wholemodule;
				SWIFT_OPTIMIZATION_LEVEL = "-O";
			};
			name = Release;
		};
		F9975843293D120A0058FA3B /* Debug */ = {
			isa = XCBuildConfiguration;
			buildSettings = {
				ASSETCATALOG_COMPILER_APPICON_NAME = AppIcon;
				ASSETCATALOG_COMPILER_GLOBAL_ACCENT_COLOR_NAME = AccentColor;
				CODE_SIGN_ENTITLEMENTS = RibbonDemo/RibbonDemo.entitlements;
				CODE_SIGN_STYLE = Automatic;
				CURRENT_PROJECT_VERSION = 1;
				DEVELOPMENT_ASSET_PATHS = "\"RibbonDemo/Preview Content\"";
				DEVELOPMENT_TEAM = PH2JAPR3D3;
				ENABLE_HARDENED_RUNTIME = YES;
				ENABLE_PREVIEWS = YES;
				GENERATE_INFOPLIST_FILE = YES;
				"INFOPLIST_KEY_UIApplicationSceneManifest_Generation[sdk=iphoneos*]" = YES;
				"INFOPLIST_KEY_UIApplicationSceneManifest_Generation[sdk=iphonesimulator*]" = YES;
				"INFOPLIST_KEY_UIApplicationSupportsIndirectInputEvents[sdk=iphoneos*]" = YES;
				"INFOPLIST_KEY_UIApplicationSupportsIndirectInputEvents[sdk=iphonesimulator*]" = YES;
				"INFOPLIST_KEY_UILaunchScreen_Generation[sdk=iphoneos*]" = YES;
				"INFOPLIST_KEY_UILaunchScreen_Generation[sdk=iphonesimulator*]" = YES;
				"INFOPLIST_KEY_UIStatusBarStyle[sdk=iphoneos*]" = UIStatusBarStyleDefault;
				"INFOPLIST_KEY_UIStatusBarStyle[sdk=iphonesimulator*]" = UIStatusBarStyleDefault;
				INFOPLIST_KEY_UISupportedInterfaceOrientations_iPad = "UIInterfaceOrientationPortrait UIInterfaceOrientationPortraitUpsideDown UIInterfaceOrientationLandscapeLeft UIInterfaceOrientationLandscapeRight";
				INFOPLIST_KEY_UISupportedInterfaceOrientations_iPhone = "UIInterfaceOrientationPortrait UIInterfaceOrientationLandscapeLeft UIInterfaceOrientationLandscapeRight";
				IPHONEOS_DEPLOYMENT_TARGET = 16.0;
				LD_RUNPATH_SEARCH_PATHS = "@executable_path/Frameworks";
				"LD_RUNPATH_SEARCH_PATHS[sdk=macosx*]" = "@executable_path/../Frameworks";
				MACOSX_DEPLOYMENT_TARGET = 12.3;
				MARKETING_VERSION = 1.0;
				PRODUCT_BUNDLE_IDENTIFIER = com.brocoo.RibbonDemo;
				PRODUCT_NAME = "$(TARGET_NAME)";
				SDKROOT = auto;
				SUPPORTED_PLATFORMS = "iphoneos iphonesimulator macosx";
				SWIFT_EMIT_LOC_STRINGS = YES;
				SWIFT_VERSION = 5.0;
				TARGETED_DEVICE_FAMILY = "1,2";
			};
			name = Debug;
		};
		F9975844293D120A0058FA3B /* Release */ = {
			isa = XCBuildConfiguration;
			buildSettings = {
				ASSETCATALOG_COMPILER_APPICON_NAME = AppIcon;
				ASSETCATALOG_COMPILER_GLOBAL_ACCENT_COLOR_NAME = AccentColor;
				CODE_SIGN_ENTITLEMENTS = RibbonDemo/RibbonDemo.entitlements;
				CODE_SIGN_STYLE = Automatic;
				CURRENT_PROJECT_VERSION = 1;
				DEVELOPMENT_ASSET_PATHS = "\"RibbonDemo/Preview Content\"";
				DEVELOPMENT_TEAM = PH2JAPR3D3;
				ENABLE_HARDENED_RUNTIME = YES;
				ENABLE_PREVIEWS = YES;
				GENERATE_INFOPLIST_FILE = YES;
				"INFOPLIST_KEY_UIApplicationSceneManifest_Generation[sdk=iphoneos*]" = YES;
				"INFOPLIST_KEY_UIApplicationSceneManifest_Generation[sdk=iphonesimulator*]" = YES;
				"INFOPLIST_KEY_UIApplicationSupportsIndirectInputEvents[sdk=iphoneos*]" = YES;
				"INFOPLIST_KEY_UIApplicationSupportsIndirectInputEvents[sdk=iphonesimulator*]" = YES;
				"INFOPLIST_KEY_UILaunchScreen_Generation[sdk=iphoneos*]" = YES;
				"INFOPLIST_KEY_UILaunchScreen_Generation[sdk=iphonesimulator*]" = YES;
				"INFOPLIST_KEY_UIStatusBarStyle[sdk=iphoneos*]" = UIStatusBarStyleDefault;
				"INFOPLIST_KEY_UIStatusBarStyle[sdk=iphonesimulator*]" = UIStatusBarStyleDefault;
				INFOPLIST_KEY_UISupportedInterfaceOrientations_iPad = "UIInterfaceOrientationPortrait UIInterfaceOrientationPortraitUpsideDown UIInterfaceOrientationLandscapeLeft UIInterfaceOrientationLandscapeRight";
				INFOPLIST_KEY_UISupportedInterfaceOrientations_iPhone = "UIInterfaceOrientationPortrait UIInterfaceOrientationLandscapeLeft UIInterfaceOrientationLandscapeRight";
				IPHONEOS_DEPLOYMENT_TARGET = 16.0;
				LD_RUNPATH_SEARCH_PATHS = "@executable_path/Frameworks";
				"LD_RUNPATH_SEARCH_PATHS[sdk=macosx*]" = "@executable_path/../Frameworks";
				MACOSX_DEPLOYMENT_TARGET = 12.3;
				MARKETING_VERSION = 1.0;
				PRODUCT_BUNDLE_IDENTIFIER = com.brocoo.RibbonDemo;
				PRODUCT_NAME = "$(TARGET_NAME)";
				SDKROOT = auto;
				SUPPORTED_PLATFORMS = "iphoneos iphonesimulator macosx";
				SWIFT_EMIT_LOC_STRINGS = YES;
				SWIFT_VERSION = 5.0;
				TARGETED_DEVICE_FAMILY = "1,2";
			};
			name = Release;
		};
		F9975846293D120A0058FA3B /* Debug */ = {
			isa = XCBuildConfiguration;
			buildSettings = {
				ALWAYS_EMBED_SWIFT_STANDARD_LIBRARIES = YES;
				BUNDLE_LOADER = "$(TEST_HOST)";
				CODE_SIGN_STYLE = Automatic;
				CURRENT_PROJECT_VERSION = 1;
				DEVELOPMENT_TEAM = PH2JAPR3D3;
				GENERATE_INFOPLIST_FILE = YES;
				IPHONEOS_DEPLOYMENT_TARGET = 16.0;
				MACOSX_DEPLOYMENT_TARGET = 12.3;
				MARKETING_VERSION = 1.0;
				PRODUCT_BUNDLE_IDENTIFIER = com.brocoo.RibbonDemoTests;
				PRODUCT_NAME = "$(TARGET_NAME)";
				SDKROOT = auto;
				SUPPORTED_PLATFORMS = "iphoneos iphonesimulator macosx";
				SWIFT_EMIT_LOC_STRINGS = NO;
				SWIFT_VERSION = 5.0;
				TARGETED_DEVICE_FAMILY = "1,2";
				TEST_HOST = "$(BUILT_PRODUCTS_DIR)/RibbonDemo.app/$(BUNDLE_EXECUTABLE_FOLDER_PATH)/RibbonDemo";
			};
			name = Debug;
		};
		F9975847293D120A0058FA3B /* Release */ = {
			isa = XCBuildConfiguration;
			buildSettings = {
				ALWAYS_EMBED_SWIFT_STANDARD_LIBRARIES = YES;
				BUNDLE_LOADER = "$(TEST_HOST)";
				CODE_SIGN_STYLE = Automatic;
				CURRENT_PROJECT_VERSION = 1;
				DEVELOPMENT_TEAM = PH2JAPR3D3;
				GENERATE_INFOPLIST_FILE = YES;
				IPHONEOS_DEPLOYMENT_TARGET = 16.0;
				MACOSX_DEPLOYMENT_TARGET = 12.3;
				MARKETING_VERSION = 1.0;
				PRODUCT_BUNDLE_IDENTIFIER = com.brocoo.RibbonDemoTests;
				PRODUCT_NAME = "$(TARGET_NAME)";
				SDKROOT = auto;
				SUPPORTED_PLATFORMS = "iphoneos iphonesimulator macosx";
				SWIFT_EMIT_LOC_STRINGS = NO;
				SWIFT_VERSION = 5.0;
				TARGETED_DEVICE_FAMILY = "1,2";
				TEST_HOST = "$(BUILT_PRODUCTS_DIR)/RibbonDemo.app/$(BUNDLE_EXECUTABLE_FOLDER_PATH)/RibbonDemo";
			};
			name = Release;
		};
		F9975849293D120A0058FA3B /* Debug */ = {
			isa = XCBuildConfiguration;
			buildSettings = {
				ALWAYS_EMBED_SWIFT_STANDARD_LIBRARIES = YES;
				CODE_SIGN_STYLE = Automatic;
				CURRENT_PROJECT_VERSION = 1;
				DEVELOPMENT_TEAM = PH2JAPR3D3;
				GENERATE_INFOPLIST_FILE = YES;
				IPHONEOS_DEPLOYMENT_TARGET = 16.0;
				MACOSX_DEPLOYMENT_TARGET = 12.3;
				MARKETING_VERSION = 1.0;
				PRODUCT_BUNDLE_IDENTIFIER = com.brocoo.RibbonDemoUITests;
				PRODUCT_NAME = "$(TARGET_NAME)";
				SDKROOT = auto;
				SUPPORTED_PLATFORMS = "iphoneos iphonesimulator macosx";
				SWIFT_EMIT_LOC_STRINGS = NO;
				SWIFT_VERSION = 5.0;
				TARGETED_DEVICE_FAMILY = "1,2";
				TEST_TARGET_NAME = RibbonDemo;
			};
			name = Debug;
		};
		F997584A293D120A0058FA3B /* Release */ = {
			isa = XCBuildConfiguration;
			buildSettings = {
				ALWAYS_EMBED_SWIFT_STANDARD_LIBRARIES = YES;
				CODE_SIGN_STYLE = Automatic;
				CURRENT_PROJECT_VERSION = 1;
				DEVELOPMENT_TEAM = PH2JAPR3D3;
				GENERATE_INFOPLIST_FILE = YES;
				IPHONEOS_DEPLOYMENT_TARGET = 16.0;
				MACOSX_DEPLOYMENT_TARGET = 12.3;
				MARKETING_VERSION = 1.0;
				PRODUCT_BUNDLE_IDENTIFIER = com.brocoo.RibbonDemoUITests;
				PRODUCT_NAME = "$(TARGET_NAME)";
				SDKROOT = auto;
				SUPPORTED_PLATFORMS = "iphoneos iphonesimulator macosx";
				SWIFT_EMIT_LOC_STRINGS = NO;
				SWIFT_VERSION = 5.0;
				TARGETED_DEVICE_FAMILY = "1,2";
				TEST_TARGET_NAME = RibbonDemo;
			};
			name = Release;
		};
/* End XCBuildConfiguration section */

/* Begin XCConfigurationList section */
		F9975818293D12050058FA3B /* Build configuration list for PBXProject "RibbonDemo" */ = {
			isa = XCConfigurationList;
			buildConfigurations = (
				F9975840293D120A0058FA3B /* Debug */,
				F9975841293D120A0058FA3B /* Release */,
			);
			defaultConfigurationIsVisible = 0;
			defaultConfigurationName = Release;
		};
		F9975842293D120A0058FA3B /* Build configuration list for PBXNativeTarget "RibbonDemo" */ = {
			isa = XCConfigurationList;
			buildConfigurations = (
				F9975843293D120A0058FA3B /* Debug */,
				F9975844293D120A0058FA3B /* Release */,
			);
			defaultConfigurationIsVisible = 0;
			defaultConfigurationName = Release;
		};
		F9975845293D120A0058FA3B /* Build configuration list for PBXNativeTarget "RibbonDemoTests" */ = {
			isa = XCConfigurationList;
			buildConfigurations = (
				F9975846293D120A0058FA3B /* Debug */,
				F9975847293D120A0058FA3B /* Release */,
			);
			defaultConfigurationIsVisible = 0;
			defaultConfigurationName = Release;
		};
		F9975848293D120A0058FA3B /* Build configuration list for PBXNativeTarget "RibbonDemoUITests" */ = {
			isa = XCConfigurationList;
			buildConfigurations = (
				F9975849293D120A0058FA3B /* Debug */,
				F997584A293D120A0058FA3B /* Release */,
			);
			defaultConfigurationIsVisible = 0;
			defaultConfigurationName = Release;
		};
/* End XCConfigurationList section */
	};
	rootObject = F9975815293D12050058FA3B /* Project object */;
}
